
Microsoft Visual Studio Solution File, Format Version 12.00
# Visual Studio Version 17
VisualStudioVersion = 17.11.35312.102
MinimumVisualStudioVersion = 10.0.40219.1
Project("{FAE04EC0-301F-11D3-BF4B-00C04F79EFBC}") = "Zoho x Economic Deluge Functions Overview", "Zoho x Economic Deluge Functions Overview\Zoho x Economic Deluge Functions Overview.csproj", "{2A87C31A-68D1-450B-B4EB-95B4062D67CC}"
EndProject
Global
	GlobalSection(SolutionConfigurationPlatforms) = preSolution
		Debug|Any CPU = Debug|Any CPU
		Release|Any CPU = Release|Any CPU
	EndGlobalSection
	GlobalSection(ProjectConfigurationPlatforms) = postSolution
		{2A87C31A-68D1-450B-B4EB-95B4062D67CC}.Debug|Any CPU.ActiveCfg = Debug|Any CPU
		{2A87C31A-68D1-450B-B4EB-95B4062D67CC}.Debug|Any CPU.Build.0 = Debug|Any CPU
		{2A87C31A-68D1-450B-B4EB-95B4062D67CC}.Release|Any CPU.ActiveCfg = Release|Any CPU
		{2A87C31A-68D1-450B-B4EB-95B4062D67CC}.Release|Any CPU.Build.0 = Release|Any CPU
	EndGlobalSection
	GlobalSection(SolutionProperties) = preSolution
		HideSolutionNode = FALSE
	EndGlobalSection
	GlobalSection(ExtensibilityGlobals) = postSolution
		SolutionGuid = {665D5BBB-8BB1-46F5-B335-140641761A0D}
	EndGlobalSection
EndGlobal
